// !$*UTF8*$!
{
	archiveVersion = 1;
	classes = {
	};
	objectVersion = 46;
	objects = {

/* Begin PBXBuildFile section */
		9801E8D71D987D3E00B4EBE8 /* AppDelegate.swift in Sources */ = {isa = PBXBuildFile; fileRef = 9801E8D61D987D3E00B4EBE8 /* AppDelegate.swift */; };
		9801E8D91D987D3E00B4EBE8 /* ViewController.swift in Sources */ = {isa = PBXBuildFile; fileRef = 9801E8D81D987D3E00B4EBE8 /* ViewController.swift */; };
		9801E8DC1D987D3E00B4EBE8 /* Main.storyboard in Resources */ = {isa = PBXBuildFile; fileRef = 9801E8DA1D987D3E00B4EBE8 /* Main.storyboard */; };
		9801E8DE1D987D3E00B4EBE8 /* Assets.xcassets in Resources */ = {isa = PBXBuildFile; fileRef = 9801E8DD1D987D3E00B4EBE8 /* Assets.xcassets */; };
		9801E8E11D987D3E00B4EBE8 /* LaunchScreen.storyboard in Resources */ = {isa = PBXBuildFile; fileRef = 9801E8DF1D987D3E00B4EBE8 /* LaunchScreen.storyboard */; };
		9801E8EC1D987D3F00B4EBE8 /* TuristandoOrio_OteTests.swift in Sources */ = {isa = PBXBuildFile; fileRef = 9801E8EB1D987D3F00B4EBE8 /* TuristandoOrio_OteTests.swift */; };
		9801E8F71D987D3F00B4EBE8 /* TuristandoOrio_OteUITests.swift in Sources */ = {isa = PBXBuildFile; fileRef = 9801E8F61D987D3F00B4EBE8 /* TuristandoOrio_OteUITests.swift */; };
		9801E9051D987E2B00B4EBE8 /* RioGRioTableViewCell.swift in Sources */ = {isa = PBXBuildFile; fileRef = 9801E9041D987E2B00B4EBE8 /* RioGRioTableViewCell.swift */; };
		9801E9091D98A5D200B4EBE8 /* BairrosRio.plist in Resources */ = {isa = PBXBuildFile; fileRef = 9801E9081D98A5D100B4EBE8 /* BairrosRio.plist */; };
		9801E90B1D98A5F200B4EBE8 /* BairrosGRio.plist in Resources */ = {isa = PBXBuildFile; fileRef = 9801E90A1D98A5F200B4EBE8 /* BairrosGRio.plist */; };
		9813D6AA1D9CC8BF00D698B2 /* Copacabana.plist in Resources */ = {isa = PBXBuildFile; fileRef = 9813D6A91D9CC8BF00D698B2 /* Copacabana.plist */; };
		9813D6AC1D9CC8E000D698B2 /* Ipanema.plist in Resources */ = {isa = PBXBuildFile; fileRef = 9813D6AB1D9CC8E000D698B2 /* Ipanema.plist */; };
		9813D6AE1D9CD1FA00D698B2 /* BarradaTijuca.plist in Resources */ = {isa = PBXBuildFile; fileRef = 9813D6AD1D9CD1FA00D698B2 /* BarradaTijuca.plist */; };
		9813D6B01D9CD5E300D698B2 /* CopacabanaViewController.swift in Sources */ = {isa = PBXBuildFile; fileRef = 9813D6AF1D9CD5E300D698B2 /* CopacabanaViewController.swift */; };
		9813D6B21D9CD6E500D698B2 /* IpanemaViewController.swift in Sources */ = {isa = PBXBuildFile; fileRef = 9813D6B11D9CD6E500D698B2 /* IpanemaViewController.swift */; };
		9813D6B41D9CD7AB00D698B2 /* BarraDaTijucaViewController.swift in Sources */ = {isa = PBXBuildFile; fileRef = 9813D6B31D9CD7AB00D698B2 /* BarraDaTijucaViewController.swift */; };
		98283CED1DADCEB500F0067A /* RioViewController.swift in Sources */ = {isa = PBXBuildFile; fileRef = 98283CEC1DADCEB400F0067A /* RioViewController.swift */; };
		98283CEF1DADF74B00F0067A /* Rio2ViewController.swift in Sources */ = {isa = PBXBuildFile; fileRef = 98283CEE1DADF74B00F0067A /* Rio2ViewController.swift */; };
		983C05E41D98D07B00AAE17F /* CentroRioViewController.swift in Sources */ = {isa = PBXBuildFile; fileRef = 983C05E31D98D07B00AAE17F /* CentroRioViewController.swift */; };
		983C05E81D98E03000AAE17F /* LocalizacaoViewController.swift in Sources */ = {isa = PBXBuildFile; fileRef = 983C05E71D98E03000AAE17F /* LocalizacaoViewController.swift */; };
		983C05EB1D98E12500AAE17F /* CoreLocation.framework in Frameworks */ = {isa = PBXBuildFile; fileRef = 983C05EA1D98E12500AAE17F /* CoreLocation.framework */; };
		983C05ED1D98E13000AAE17F /* MapKit.framework in Frameworks */ = {isa = PBXBuildFile; fileRef = 983C05EC1D98E13000AAE17F /* MapKit.framework */; };
/* End PBXBuildFile section */

/* Begin PBXContainerItemProxy section */
		9801E8E81D987D3F00B4EBE8 /* PBXContainerItemProxy */ = {
			isa = PBXContainerItemProxy;
			containerPortal = 9801E8CB1D987D3E00B4EBE8 /* Project object */;
			proxyType = 1;
			remoteGlobalIDString = 9801E8D21D987D3E00B4EBE8;
			remoteInfo = TuristandoOrio_Ote;
		};
		9801E8F31D987D3F00B4EBE8 /* PBXContainerItemProxy */ = {
			isa = PBXContainerItemProxy;
			containerPortal = 9801E8CB1D987D3E00B4EBE8 /* Project object */;
			proxyType = 1;
			remoteGlobalIDString = 9801E8D21D987D3E00B4EBE8;
			remoteInfo = TuristandoOrio_Ote;
		};
/* End PBXContainerItemProxy section */

/* Begin PBXFileReference section */
		9801E8D31D987D3E00B4EBE8 /* TuristandoOrio_Ote.app */ = {isa = PBXFileReference; explicitFileType = wrapper.application; includeInIndex = 0; path = TuristandoOrio_Ote.app; sourceTree = BUILT_PRODUCTS_DIR; };
		9801E8D61D987D3E00B4EBE8 /* AppDelegate.swift */ = {isa = PBXFileReference; lastKnownFileType = sourcecode.swift; path = AppDelegate.swift; sourceTree = "<group>"; };
		9801E8D81D987D3E00B4EBE8 /* ViewController.swift */ = {isa = PBXFileReference; lastKnownFileType = sourcecode.swift; path = ViewController.swift; sourceTree = "<group>"; };
		9801E8DB1D987D3E00B4EBE8 /* Base */ = {isa = PBXFileReference; lastKnownFileType = file.storyboard; name = Base; path = Base.lproj/Main.storyboard; sourceTree = "<group>"; };
		9801E8DD1D987D3E00B4EBE8 /* Assets.xcassets */ = {isa = PBXFileReference; lastKnownFileType = folder.assetcatalog; path = Assets.xcassets; sourceTree = "<group>"; };
		9801E8E01D987D3E00B4EBE8 /* Base */ = {isa = PBXFileReference; lastKnownFileType = file.storyboard; name = Base; path = Base.lproj/LaunchScreen.storyboard; sourceTree = "<group>"; };
		9801E8E21D987D3E00B4EBE8 /* Info.plist */ = {isa = PBXFileReference; lastKnownFileType = text.plist.xml; path = Info.plist; sourceTree = "<group>"; };
		9801E8E71D987D3F00B4EBE8 /* TuristandoOrio_OteTests.xctest */ = {isa = PBXFileReference; explicitFileType = wrapper.cfbundle; includeInIndex = 0; path = TuristandoOrio_OteTests.xctest; sourceTree = BUILT_PRODUCTS_DIR; };
		9801E8EB1D987D3F00B4EBE8 /* TuristandoOrio_OteTests.swift */ = {isa = PBXFileReference; lastKnownFileType = sourcecode.swift; path = TuristandoOrio_OteTests.swift; sourceTree = "<group>"; };
		9801E8ED1D987D3F00B4EBE8 /* Info.plist */ = {isa = PBXFileReference; lastKnownFileType = text.plist.xml; path = Info.plist; sourceTree = "<group>"; };
		9801E8F21D987D3F00B4EBE8 /* TuristandoOrio_OteUITests.xctest */ = {isa = PBXFileReference; explicitFileType = wrapper.cfbundle; includeInIndex = 0; path = TuristandoOrio_OteUITests.xctest; sourceTree = BUILT_PRODUCTS_DIR; };
		9801E8F61D987D3F00B4EBE8 /* TuristandoOrio_OteUITests.swift */ = {isa = PBXFileReference; lastKnownFileType = sourcecode.swift; path = TuristandoOrio_OteUITests.swift; sourceTree = "<group>"; };
		9801E8F81D987D3F00B4EBE8 /* Info.plist */ = {isa = PBXFileReference; lastKnownFileType = text.plist.xml; path = Info.plist; sourceTree = "<group>"; };
		9801E9041D987E2B00B4EBE8 /* RioGRioTableViewCell.swift */ = {isa = PBXFileReference; fileEncoding = 4; lastKnownFileType = sourcecode.swift; path = RioGRioTableViewCell.swift; sourceTree = "<group>"; };
		9801E9081D98A5D100B4EBE8 /* BairrosRio.plist */ = {isa = PBXFileReference; fileEncoding = 4; lastKnownFileType = text.plist.xml; path = BairrosRio.plist; sourceTree = "<group>"; };
		9801E90A1D98A5F200B4EBE8 /* BairrosGRio.plist */ = {isa = PBXFileReference; fileEncoding = 4; lastKnownFileType = text.plist.xml; path = BairrosGRio.plist; sourceTree = "<group>"; };
		9813D6A91D9CC8BF00D698B2 /* Copacabana.plist */ = {isa = PBXFileReference; fileEncoding = 4; lastKnownFileType = text.plist.xml; path = Copacabana.plist; sourceTree = "<group>"; };
		9813D6AB1D9CC8E000D698B2 /* Ipanema.plist */ = {isa = PBXFileReference; fileEncoding = 4; lastKnownFileType = text.plist.xml; path = Ipanema.plist; sourceTree = "<group>"; };
		9813D6AD1D9CD1FA00D698B2 /* BarradaTijuca.plist */ = {isa = PBXFileReference; fileEncoding = 4; lastKnownFileType = text.plist.xml; path = BarradaTijuca.plist; sourceTree = "<group>"; };
		9813D6AF1D9CD5E300D698B2 /* CopacabanaViewController.swift */ = {isa = PBXFileReference; fileEncoding = 4; lastKnownFileType = sourcecode.swift; path = CopacabanaViewController.swift; sourceTree = "<group>"; };
		9813D6B11D9CD6E500D698B2 /* IpanemaViewController.swift */ = {isa = PBXFileReference; fileEncoding = 4; lastKnownFileType = sourcecode.swift; path = IpanemaViewController.swift; sourceTree = "<group>"; };
		9813D6B31D9CD7AB00D698B2 /* BarraDaTijucaViewController.swift */ = {isa = PBXFileReference; fileEncoding = 4; lastKnownFileType = sourcecode.swift; path = BarraDaTijucaViewController.swift; sourceTree = "<group>"; };
		98283CEC1DADCEB400F0067A /* RioViewController.swift */ = {isa = PBXFileReference; fileEncoding = 4; lastKnownFileType = sourcecode.swift; path = RioViewController.swift; sourceTree = "<group>"; };
		98283CEE1DADF74B00F0067A /* Rio2ViewController.swift */ = {isa = PBXFileReference; fileEncoding = 4; lastKnownFileType = sourcecode.swift; path = Rio2ViewController.swift; sourceTree = "<group>"; };
		983C05E31D98D07B00AAE17F /* CentroRioViewController.swift */ = {isa = PBXFileReference; fileEncoding = 4; lastKnownFileType = sourcecode.swift; path = CentroRioViewController.swift; sourceTree = "<group>"; };
		983C05E71D98E03000AAE17F /* LocalizacaoViewController.swift */ = {isa = PBXFileReference; fileEncoding = 4; lastKnownFileType = sourcecode.swift; path = LocalizacaoViewController.swift; sourceTree = "<group>"; };
		983C05EA1D98E12500AAE17F /* CoreLocation.framework */ = {isa = PBXFileReference; lastKnownFileType = wrapper.framework; name = CoreLocation.framework; path = System/Library/Frameworks/CoreLocation.framework; sourceTree = SDKROOT; };
		983C05EC1D98E13000AAE17F /* MapKit.framework */ = {isa = PBXFileReference; lastKnownFileType = wrapper.framework; name = MapKit.framework; path = System/Library/Frameworks/MapKit.framework; sourceTree = SDKROOT; };
/* End PBXFileReference section */

/* Begin PBXFrameworksBuildPhase section */
		9801E8D01D987D3E00B4EBE8 /* Frameworks */ = {
			isa = PBXFrameworksBuildPhase;
			buildActionMask = 2147483647;
			files = (
				983C05ED1D98E13000AAE17F /* MapKit.framework in Frameworks */,
				983C05EB1D98E12500AAE17F /* CoreLocation.framework in Frameworks */,
			);
			runOnlyForDeploymentPostprocessing = 0;
		};
		9801E8E41D987D3F00B4EBE8 /* Frameworks */ = {
			isa = PBXFrameworksBuildPhase;
			buildActionMask = 2147483647;
			files = (
			);
			runOnlyForDeploymentPostprocessing = 0;
		};
		9801E8EF1D987D3F00B4EBE8 /* Frameworks */ = {
			isa = PBXFrameworksBuildPhase;
			buildActionMask = 2147483647;
			files = (
			);
			runOnlyForDeploymentPostprocessing = 0;
		};
/* End PBXFrameworksBuildPhase section */

/* Begin PBXGroup section */
		9801E8CA1D987D3E00B4EBE8 = {
			isa = PBXGroup;
			children = (
				9801E8D51D987D3E00B4EBE8 /* TuristandoOrio_Ote */,
				9801E8EA1D987D3F00B4EBE8 /* TuristandoOrio_OteTests */,
				9801E8F51D987D3F00B4EBE8 /* TuristandoOrio_OteUITests */,
				9801E8D41D987D3E00B4EBE8 /* Products */,
			);
			sourceTree = "<group>";
		};
		9801E8D41D987D3E00B4EBE8 /* Products */ = {
			isa = PBXGroup;
			children = (
				9801E8D31D987D3E00B4EBE8 /* TuristandoOrio_Ote.app */,
				9801E8E71D987D3F00B4EBE8 /* TuristandoOrio_OteTests.xctest */,
				9801E8F21D987D3F00B4EBE8 /* TuristandoOrio_OteUITests.xctest */,
			);
			name = Products;
			sourceTree = "<group>";
		};
		9801E8D51D987D3E00B4EBE8 /* TuristandoOrio_Ote */ = {
			isa = PBXGroup;
			children = (
				9801E8D61D987D3E00B4EBE8 /* AppDelegate.swift */,
				9801E8D81D987D3E00B4EBE8 /* ViewController.swift */,
				983C05E31D98D07B00AAE17F /* CentroRioViewController.swift */,
				983C05E71D98E03000AAE17F /* LocalizacaoViewController.swift */,
				9813D6AF1D9CD5E300D698B2 /* CopacabanaViewController.swift */,
				9813D6B11D9CD6E500D698B2 /* IpanemaViewController.swift */,
				9813D6B31D9CD7AB00D698B2 /* BarraDaTijucaViewController.swift */,
				9801E8DA1D987D3E00B4EBE8 /* Main.storyboard */,
				9801E8DD1D987D3E00B4EBE8 /* Assets.xcassets */,
				9801E8DF1D987D3E00B4EBE8 /* LaunchScreen.storyboard */,
				9801E8E21D987D3E00B4EBE8 /* Info.plist */,
				98283CF11DB143F000F0067A /* Plists */,
				98283CF01DB1437B00F0067A /* Views_configuracao */,
				983C05E91D98E12500AAE17F /* Frameworks */,
			);
			path = TuristandoOrio_Ote;
			sourceTree = "<group>";
		};
		9801E8EA1D987D3F00B4EBE8 /* TuristandoOrio_OteTests */ = {
			isa = PBXGroup;
			children = (
				9801E8EB1D987D3F00B4EBE8 /* TuristandoOrio_OteTests.swift */,
				9801E8ED1D987D3F00B4EBE8 /* Info.plist */,
			);
			path = TuristandoOrio_OteTests;
			sourceTree = "<group>";
		};
		9801E8F51D987D3F00B4EBE8 /* TuristandoOrio_OteUITests */ = {
			isa = PBXGroup;
			children = (
				9801E8F61D987D3F00B4EBE8 /* TuristandoOrio_OteUITests.swift */,
				9801E8F81D987D3F00B4EBE8 /* Info.plist */,
			);
			path = TuristandoOrio_OteUITests;
			sourceTree = "<group>";
		};
		98283CF01DB1437B00F0067A /* Views_configuracao */ = {
			isa = PBXGroup;
			children = (
				98283CEC1DADCEB400F0067A /* RioViewController.swift */,
				98283CEE1DADF74B00F0067A /* Rio2ViewController.swift */,
				9801E9041D987E2B00B4EBE8 /* RioGRioTableViewCell.swift */,
			);
			name = Views_configuracao;
			sourceTree = "<group>";
		};
		98283CF11DB143F000F0067A /* Plists */ = {
			isa = PBXGroup;
			children = (
				9813D6AD1D9CD1FA00D698B2 /* BarradaTijuca.plist */,
				9813D6AB1D9CC8E000D698B2 /* Ipanema.plist */,
				9813D6A91D9CC8BF00D698B2 /* Copacabana.plist */,
				9801E90A1D98A5F200B4EBE8 /* BairrosGRio.plist */,
				9801E9081D98A5D100B4EBE8 /* BairrosRio.plist */,
			);
			name = Plists;
			sourceTree = "<group>";
		};
		983C05E91D98E12500AAE17F /* Frameworks */ = {
			isa = PBXGroup;
			children = (
				983C05EC1D98E13000AAE17F /* MapKit.framework */,
				983C05EA1D98E12500AAE17F /* CoreLocation.framework */,
			);
			name = Frameworks;
			path = ..;
			sourceTree = "<group>";
		};
/* End PBXGroup section */

/* Begin PBXNativeTarget section */
		9801E8D21D987D3E00B4EBE8 /* TuristandoOrio_Ote */ = {
			isa = PBXNativeTarget;
			buildConfigurationList = 9801E8FB1D987D3F00B4EBE8 /* Build configuration list for PBXNativeTarget "TuristandoOrio_Ote" */;
			buildPhases = (
				9801E8CF1D987D3E00B4EBE8 /* Sources */,
				9801E8D01D987D3E00B4EBE8 /* Frameworks */,
				9801E8D11D987D3E00B4EBE8 /* Resources */,
			);
			buildRules = (
			);
			dependencies = (
			);
			name = TuristandoOrio_Ote;
			productName = TuristandoOrio_Ote;
			productReference = 9801E8D31D987D3E00B4EBE8 /* TuristandoOrio_Ote.app */;
			productType = "com.apple.product-type.application";
		};
		9801E8E61D987D3F00B4EBE8 /* TuristandoOrio_OteTests */ = {
			isa = PBXNativeTarget;
			buildConfigurationList = 9801E8FE1D987D3F00B4EBE8 /* Build configuration list for PBXNativeTarget "TuristandoOrio_OteTests" */;
			buildPhases = (
				9801E8E31D987D3F00B4EBE8 /* Sources */,
				9801E8E41D987D3F00B4EBE8 /* Frameworks */,
				9801E8E51D987D3F00B4EBE8 /* Resources */,
			);
			buildRules = (
			);
			dependencies = (
				9801E8E91D987D3F00B4EBE8 /* PBXTargetDependency */,
			);
			name = TuristandoOrio_OteTests;
			productName = TuristandoOrio_OteTests;
			productReference = 9801E8E71D987D3F00B4EBE8 /* TuristandoOrio_OteTests.xctest */;
			productType = "com.apple.product-type.bundle.unit-test";
		};
		9801E8F11D987D3F00B4EBE8 /* TuristandoOrio_OteUITests */ = {
			isa = PBXNativeTarget;
			buildConfigurationList = 9801E9011D987D3F00B4EBE8 /* Build configuration list for PBXNativeTarget "TuristandoOrio_OteUITests" */;
			buildPhases = (
				9801E8EE1D987D3F00B4EBE8 /* Sources */,
				9801E8EF1D987D3F00B4EBE8 /* Frameworks */,
				9801E8F01D987D3F00B4EBE8 /* Resources */,
			);
			buildRules = (
			);
			dependencies = (
				9801E8F41D987D3F00B4EBE8 /* PBXTargetDependency */,
			);
			name = TuristandoOrio_OteUITests;
			productName = TuristandoOrio_OteUITests;
			productReference = 9801E8F21D987D3F00B4EBE8 /* TuristandoOrio_OteUITests.xctest */;
			productType = "com.apple.product-type.bundle.ui-testing";
		};
/* End PBXNativeTarget section */

/* Begin PBXProject section */
		9801E8CB1D987D3E00B4EBE8 /* Project object */ = {
			isa = PBXProject;
			attributes = {
				LastSwiftUpdateCheck = 0800;
				LastUpgradeCheck = 0800;
				ORGANIZATIONNAME = Oteniel;
				TargetAttributes = {
					9801E8D21D987D3E00B4EBE8 = {
						CreatedOnToolsVersion = 8.0;
						ProvisioningStyle = Automatic;
					};
					9801E8E61D987D3F00B4EBE8 = {
						CreatedOnToolsVersion = 8.0;
						ProvisioningStyle = Automatic;
						TestTargetID = 9801E8D21D987D3E00B4EBE8;
					};
					9801E8F11D987D3F00B4EBE8 = {
						CreatedOnToolsVersion = 8.0;
						ProvisioningStyle = Automatic;
						TestTargetID = 9801E8D21D987D3E00B4EBE8;
					};
				};
			};
			buildConfigurationList = 9801E8CE1D987D3E00B4EBE8 /* Build configuration list for PBXProject "TuristandoOrio_Ote" */;
			compatibilityVersion = "Xcode 3.2";
			developmentRegion = English;
			hasScannedForEncodings = 0;
			knownRegions = (
				en,
				Base,
			);
			mainGroup = 9801E8CA1D987D3E00B4EBE8;
			productRefGroup = 9801E8D41D987D3E00B4EBE8 /* Products */;
			projectDirPath = "";
			projectRoot = "";
			targets = (
				9801E8D21D987D3E00B4EBE8 /* TuristandoOrio_Ote */,
				9801E8E61D987D3F00B4EBE8 /* TuristandoOrio_OteTests */,
				9801E8F11D987D3F00B4EBE8 /* TuristandoOrio_OteUITests */,
			);
		};
/* End PBXProject section */

/* Begin PBXResourcesBuildPhase section */
		9801E8D11D987D3E00B4EBE8 /* Resources */ = {
			isa = PBXResourcesBuildPhase;
			buildActionMask = 2147483647;
			files = (
				9801E8E11D987D3E00B4EBE8 /* LaunchScreen.storyboard in Resources */,
				9813D6AA1D9CC8BF00D698B2 /* Copacabana.plist in Resources */,
				9813D6AE1D9CD1FA00D698B2 /* BarradaTijuca.plist in Resources */,
				9801E8DE1D987D3E00B4EBE8 /* Assets.xcassets in Resources */,
				9813D6AC1D9CC8E000D698B2 /* Ipanema.plist in Resources */,
				9801E9091D98A5D200B4EBE8 /* BairrosRio.plist in Resources */,
				9801E90B1D98A5F200B4EBE8 /* BairrosGRio.plist in Resources */,
				9801E8DC1D987D3E00B4EBE8 /* Main.storyboard in Resources */,
			);
			runOnlyForDeploymentPostprocessing = 0;
		};
		9801E8E51D987D3F00B4EBE8 /* Resources */ = {
			isa = PBXResourcesBuildPhase;
			buildActionMask = 2147483647;
			files = (
			);
			runOnlyForDeploymentPostprocessing = 0;
		};
		9801E8F01D987D3F00B4EBE8 /* Resources */ = {
			isa = PBXResourcesBuildPhase;
			buildActionMask = 2147483647;
			files = (
			);
			runOnlyForDeploymentPostprocessing = 0;
		};
/* End PBXResourcesBuildPhase section */

/* Begin PBXSourcesBuildPhase section */
		9801E8CF1D987D3E00B4EBE8 /* Sources */ = {
			isa = PBXSourcesBuildPhase;
			buildActionMask = 2147483647;
			files = (
				9813D6B41D9CD7AB00D698B2 /* BarraDaTijucaViewController.swift in Sources */,
				98283CED1DADCEB500F0067A /* RioViewController.swift in Sources */,
				983C05E41D98D07B00AAE17F /* CentroRioViewController.swift in Sources */,
				9813D6B01D9CD5E300D698B2 /* CopacabanaViewController.swift in Sources */,
				9813D6B21D9CD6E500D698B2 /* IpanemaViewController.swift in Sources */,
				9801E8D91D987D3E00B4EBE8 /* ViewController.swift in Sources */,
				98283CEF1DADF74B00F0067A /* Rio2ViewController.swift in Sources */,
				983C05E81D98E03000AAE17F /* LocalizacaoViewController.swift in Sources */,
				9801E9051D987E2B00B4EBE8 /* RioGRioTableViewCell.swift in Sources */,
				9801E8D71D987D3E00B4EBE8 /* AppDelegate.swift in Sources */,
			);
			runOnlyForDeploymentPostprocessing = 0;
		};
		9801E8E31D987D3F00B4EBE8 /* Sources */ = {
			isa = PBXSourcesBuildPhase;
			buildActionMask = 2147483647;
			files = (
				9801E8EC1D987D3F00B4EBE8 /* TuristandoOrio_OteTests.swift in Sources */,
			);
			runOnlyForDeploymentPostprocessing = 0;
		};
		9801E8EE1D987D3F00B4EBE8 /* Sources */ = {
			isa = PBXSourcesBuildPhase;
			buildActionMask = 2147483647;
			files = (
				9801E8F71D987D3F00B4EBE8 /* TuristandoOrio_OteUITests.swift in Sources */,
			);
			runOnlyForDeploymentPostprocessing = 0;
		};
/* End PBXSourcesBuildPhase section */

/* Begin PBXTargetDependency section */
		9801E8E91D987D3F00B4EBE8 /* PBXTargetDependency */ = {
			isa = PBXTargetDependency;
			target = 9801E8D21D987D3E00B4EBE8 /* TuristandoOrio_Ote */;
			targetProxy = 9801E8E81D987D3F00B4EBE8 /* PBXContainerItemProxy */;
		};
		9801E8F41D987D3F00B4EBE8 /* PBXTargetDependency */ = {
			isa = PBXTargetDependency;
			target = 9801E8D21D987D3E00B4EBE8 /* TuristandoOrio_Ote */;
			targetProxy = 9801E8F31D987D3F00B4EBE8 /* PBXContainerItemProxy */;
		};
/* End PBXTargetDependency section */

/* Begin PBXVariantGroup section */
		9801E8DA1D987D3E00B4EBE8 /* Main.storyboard */ = {
			isa = PBXVariantGroup;
			children = (
				9801E8DB1D987D3E00B4EBE8 /* Base */,
			);
			name = Main.storyboard;
			sourceTree = "<group>";
		};
		9801E8DF1D987D3E00B4EBE8 /* LaunchScreen.storyboard */ = {
			isa = PBXVariantGroup;
			children = (
				9801E8E01D987D3E00B4EBE8 /* Base */,
			);
			name = LaunchScreen.storyboard;
			sourceTree = "<group>";
		};
/* End PBXVariantGroup section */

/* Begin XCBuildConfiguration section */
		9801E8F91D987D3F00B4EBE8 /* Debug */ = {
			isa = XCBuildConfiguration;
			buildSettings = {
				ALWAYS_SEARCH_USER_PATHS = NO;
				CLANG_ANALYZER_NONNULL = YES;
				CLANG_CXX_LANGUAGE_STANDARD = "gnu++0x";
				CLANG_CXX_LIBRARY = "libc++";
				CLANG_ENABLE_MODULES = YES;
				CLANG_ENABLE_OBJC_ARC = YES;
				CLANG_WARN_BOOL_CONVERSION = YES;
				CLANG_WARN_CONSTANT_CONVERSION = YES;
				CLANG_WARN_DIRECT_OBJC_ISA_USAGE = YES_ERROR;
				CLANG_WARN_DOCUMENTATION_COMMENTS = YES;
				CLANG_WARN_EMPTY_BODY = YES;
				CLANG_WARN_ENUM_CONVERSION = YES;
				CLANG_WARN_INFINITE_RECURSION = YES;
				CLANG_WARN_INT_CONVERSION = YES;
				CLANG_WARN_OBJC_ROOT_CLASS = YES_ERROR;
				CLANG_WARN_SUSPICIOUS_MOVES = YES;
				CLANG_WARN_UNREACHABLE_CODE = YES;
				CLANG_WARN__DUPLICATE_METHOD_MATCH = YES;
				"CODE_SIGN_IDENTITY[sdk=iphoneos*]" = "iPhone Developer";
				COPY_PHASE_STRIP = NO;
				DEBUG_INFORMATION_FORMAT = dwarf;
				ENABLE_STRICT_OBJC_MSGSEND = YES;
				ENABLE_TESTABILITY = YES;
				GCC_C_LANGUAGE_STANDARD = gnu99;
				GCC_DYNAMIC_NO_PIC = NO;
				GCC_NO_COMMON_BLOCKS = YES;
				GCC_OPTIMIZATION_LEVEL = 0;
				GCC_PREPROCESSOR_DEFINITIONS = (
					"DEBUG=1",
					"$(inherited)",
				);
				GCC_WARN_64_TO_32_BIT_CONVERSION = YES;
				GCC_WARN_ABOUT_RETURN_TYPE = YES_ERROR;
				GCC_WARN_UNDECLARED_SELECTOR = YES;
				GCC_WARN_UNINITIALIZED_AUTOS = YES_AGGRESSIVE;
				GCC_WARN_UNUSED_FUNCTION = YES;
				GCC_WARN_UNUSED_VARIABLE = YES;
				IPHONEOS_DEPLOYMENT_TARGET = 10.0;
				MTL_ENABLE_DEBUG_INFO = YES;
				ONLY_ACTIVE_ARCH = YES;
				SDKROOT = iphoneos;
				SWIFT_ACTIVE_COMPILATION_CONDITIONS = DEBUG;
				SWIFT_OPTIMIZATION_LEVEL = "-Onone";
			};
			name = Debug;
		};
		9801E8FA1D987D3F00B4EBE8 /* Release */ = {
			isa = XCBuildConfiguration;
			buildSettings = {
				ALWAYS_SEARCH_USER_PATHS = NO;
				CLANG_ANALYZER_NONNULL = YES;
				CLANG_CXX_LANGUAGE_STANDARD = "gnu++0x";
				CLANG_CXX_LIBRARY = "libc++";
				CLANG_ENABLE_MODULES = YES;
				CLANG_ENABLE_OBJC_ARC = YES;
				CLANG_WARN_BOOL_CONVERSION = YES;
				CLANG_WARN_CONSTANT_CONVERSION = YES;
				CLANG_WARN_DIRECT_OBJC_ISA_USAGE = YES_ERROR;
				CLANG_WARN_DOCUMENTATION_COMMENTS = YES;
				CLANG_WARN_EMPTY_BODY = YES;
				CLANG_WARN_ENUM_CONVERSION = YES;
				CLANG_WARN_INFINITE_RECURSION = YES;
				CLANG_WARN_INT_CONVERSION = YES;
				CLANG_WARN_OBJC_ROOT_CLASS = YES_ERROR;
				CLANG_WARN_SUSPICIOUS_MOVES = YES;
				CLANG_WARN_UNREACHABLE_CODE = YES;
				CLANG_WARN__DUPLICATE_METHOD_MATCH = YES;
				"CODE_SIGN_IDENTITY[sdk=iphoneos*]" = "iPhone Developer";
				COPY_PHASE_STRIP = NO;
				DEBUG_INFORMATION_FORMAT = "dwarf-with-dsym";
				ENABLE_NS_ASSERTIONS = NO;
				ENABLE_STRICT_OBJC_MSGSEND = YES;
				GCC_C_LANGUAGE_STANDARD = gnu99;
				GCC_NO_COMMON_BLOCKS = YES;
				GCC_WARN_64_TO_32_BIT_CONVERSION = YES;
				GCC_WARN_ABOUT_RETURN_TYPE = YES_ERROR;
				GCC_WARN_UNDECLARED_SELECTOR = YES;
				GCC_WARN_UNINITIALIZED_AUTOS = YES_AGGRESSIVE;
				GCC_WARN_UNUSED_FUNCTION = YES;
				GCC_WARN_UNUSED_VARIABLE = YES;
				IPHONEOS_DEPLOYMENT_TARGET = 10.0;
				MTL_ENABLE_DEBUG_INFO = NO;
				SDKROOT = iphoneos;
				SWIFT_OPTIMIZATION_LEVEL = "-Owholemodule";
				VALIDATE_PRODUCT = YES;
			};
			name = Release;
		};
		9801E8FC1D987D3F00B4EBE8 /* Debug */ = {
			isa = XCBuildConfiguration;
			buildSettings = {
				ASSETCATALOG_COMPILER_APPICON_NAME = AppIcon;
				INFOPLIST_FILE = TuristandoOrio_Ote/Info.plist;
				LD_RUNPATH_SEARCH_PATHS = "$(inherited) @executable_path/Frameworks";
				PRODUCT_BUNDLE_IDENTIFIER = "oteniel.santos-al.infnet.edu.br.TuristandoOrio-Ote";
				PRODUCT_NAME = "$(TARGET_NAME)";
				SWIFT_VERSION = 3.0;
			};
			name = Debug;
		};
		9801E8FD1D987D3F00B4EBE8 /* Release */ = {
			isa = XCBuildConfiguration;
			buildSettings = {
				ASSETCATALOG_COMPILER_APPICON_NAME = AppIcon;
				INFOPLIST_FILE = TuristandoOrio_Ote/Info.plist;
				LD_RUNPATH_SEARCH_PATHS = "$(inherited) @executable_path/Frameworks";
				PRODUCT_BUNDLE_IDENTIFIER = "oteniel.santos-al.infnet.edu.br.TuristandoOrio-Ote";
				PRODUCT_NAME = "$(TARGET_NAME)";
				SWIFT_VERSION = 3.0;
			};
			name = Release;
		};
		9801E8FF1D987D3F00B4EBE8 /* Debug */ = {
			isa = XCBuildConfiguration;
			buildSettings = {
				ALWAYS_EMBED_SWIFT_STANDARD_LIBRARIES = YES;
				BUNDLE_LOADER = "$(TEST_HOST)";
				INFOPLIST_FILE = TuristandoOrio_OteTests/Info.plist;
				LD_RUNPATH_SEARCH_PATHS = "$(inherited) @executable_path/Frameworks @loader_path/Frameworks";
				PRODUCT_BUNDLE_IDENTIFIER = "oteniel.santos-al.infnet.edu.br.TuristandoOrio-OteTests";
				PRODUCT_NAME = "$(TARGET_NAME)";
				SWIFT_VERSION = 3.0;
				TEST_HOST = "$(BUILT_PRODUCTS_DIR)/TuristandoOrio_Ote.app/TuristandoOrio_Ote";
			};
			name = Debug;
		};
		9801E9001D987D3F00B4EBE8 /* Release */ = {
			isa = XCBuildConfiguration;
			buildSettings = {
				ALWAYS_EMBED_SWIFT_STANDARD_LIBRARIES = YES;
				BUNDLE_LOADER = "$(TEST_HOST)";
				INFOPLIST_FILE = TuristandoOrio_OteTests/Info.plist;
				LD_RUNPATH_SEARCH_PATHS = "$(inherited) @executable_path/Frameworks @loader_path/Frameworks";
				PRODUCT_BUNDLE_IDENTIFIER = "oteniel.santos-al.infnet.edu.br.TuristandoOrio-OteTests";
				PRODUCT_NAME = "$(TARGET_NAME)";
				SWIFT_VERSION = 3.0;
				TEST_HOST = "$(BUILT_PRODUCTS_DIR)/TuristandoOrio_Ote.app/TuristandoOrio_Ote";
			};
			name = Release;
		};
		9801E9021D987D3F00B4EBE8 /* Debug */ = {
			isa = XCBuildConfiguration;
			buildSettings = {
				ALWAYS_EMBED_SWIFT_STANDARD_LIBRARIES = YES;
				INFOPLIST_FILE = TuristandoOrio_OteUITests/Info.plist;
				LD_RUNPATH_SEARCH_PATHS = "$(inherited) @executable_path/Frameworks @loader_path/Frameworks";
				PRODUCT_BUNDLE_IDENTIFIER = "oteniel.santos-al.infnet.edu.br.TuristandoOrio-OteUITests";
				PRODUCT_NAME = "$(TARGET_NAME)";
				SWIFT_VERSION = 3.0;
				TEST_TARGET_NAME = TuristandoOrio_Ote;
			};
			name = Debug;
		};
		9801E9031D987D3F00B4EBE8 /* Release */ = {
			isa = XCBuildConfiguration;
			buildSettings = {
				ALWAYS_EMBED_SWIFT_STANDARD_LIBRARIES = YES;
				INFOPLIST_FILE = TuristandoOrio_OteUITests/Info.plist;
				LD_RUNPATH_SEARCH_PATHS = "$(inherited) @executable_path/Frameworks @loader_path/Frameworks";
				PRODUCT_BUNDLE_IDENTIFIER = "oteniel.santos-al.infnet.edu.br.TuristandoOrio-OteUITests";
				PRODUCT_NAME = "$(TARGET_NAME)";
				SWIFT_VERSION = 3.0;
				TEST_TARGET_NAME = TuristandoOrio_Ote;
			};
			name = Release;
		};
/* End XCBuildConfiguration section */

/* Begin XCConfigurationList section */
		9801E8CE1D987D3E00B4EBE8 /* Build configuration list for PBXProject "TuristandoOrio_Ote" */ = {
			isa = XCConfigurationList;
			buildConfigurations = (
				9801E8F91D987D3F00B4EBE8 /* Debug */,
				9801E8FA1D987D3F00B4EBE8 /* Release */,
			);
			defaultConfigurationIsVisible = 0;
			defaultConfigurationName = Release;
		};
		9801E8FB1D987D3F00B4EBE8 /* Build configuration list for PBXNativeTarget "TuristandoOrio_Ote" */ = {
			isa = XCConfigurationList;
			buildConfigurations = (
				9801E8FC1D987D3F00B4EBE8 /* Debug */,
				9801E8FD1D987D3F00B4EBE8 /* Release */,
			);
			defaultConfigurationIsVisible = 0;
			defaultConfigurationName = Release;
		};
		9801E8FE1D987D3F00B4EBE8 /* Build configuration list for PBXNativeTarget "TuristandoOrio_OteTests" */ = {
			isa = XCConfigurationList;
			buildConfigurations = (
				9801E8FF1D987D3F00B4EBE8 /* Debug */,
				9801E9001D987D3F00B4EBE8 /* Release */,
			);
			defaultConfigurationIsVisible = 0;
			defaultConfigurationName = Release;
		};
		9801E9011D987D3F00B4EBE8 /* Build configuration list for PBXNativeTarget "TuristandoOrio_OteUITests" */ = {
			isa = XCConfigurationList;
			buildConfigurations = (
				9801E9021D987D3F00B4EBE8 /* Debug */,
				9801E9031D987D3F00B4EBE8 /* Release */,
			);
			defaultConfigurationIsVisible = 0;
			defaultConfigurationName = Release;
		};
/* End XCConfigurationList section */
	};
	rootObject = 9801E8CB1D987D3E00B4EBE8 /* Project object */;
}
